
Microsoft Visual Studio Solution File, Format Version 12.00
# Visual Studio Version 16
VisualStudioVersion = 16.0.31624.102
MinimumVisualStudioVersion = 10.0.40219.1
Project("{FAE04EC0-301F-11D3-BF4B-00C04F79EFBC}") = "Homework_Week4_GradedAssin_1", "Homework_Week4_GradedAssin\Homework_Week4_GradedAssin_1.csproj", "{AAE504BC-2AB5-42E5-89A5-7CC3FAD92467}"
EndProject
Global
	GlobalSection(SolutionConfigurationPlatforms) = preSolution
		Debug|Any CPU = Debug|Any CPU
		Release|Any CPU = Release|Any CPU
	EndGlobalSection
	GlobalSection(ProjectConfigurationPlatforms) = postSolution
		{AAE504BC-2AB5-42E5-89A5-7CC3FAD92467}.Debug|Any CPU.ActiveCfg = Debug|Any CPU
		{AAE504BC-2AB5-42E5-89A5-7CC3FAD92467}.Debug|Any CPU.Build.0 = Debug|Any CPU
		{AAE504BC-2AB5-42E5-89A5-7CC3FAD92467}.Release|Any CPU.ActiveCfg = Release|Any CPU
		{AAE504BC-2AB5-42E5-89A5-7CC3FAD92467}.Release|Any CPU.Build.0 = Release|Any CPU
	EndGlobalSection
	GlobalSection(SolutionProperties) = preSolution
		HideSolutionNode = FALSE
	EndGlobalSection
	GlobalSection(ExtensibilityGlobals) = postSolution
		SolutionGuid = {A2DC70DB-285F-4E17-94F6-755C43F4778E}
	EndGlobalSection
EndGlobal
